
Microsoft Visual Studio Solution File, Format Version 12.00
# Visual Studio Version 16
VisualStudioVersion = 16.0.29215.179
MinimumVisualStudioVersion = 10.0.40219.1
Project("{FAE04EC0-301F-11D3-BF4B-00C04F79EFBC}") = "Mongo-Crud-Console", "Mongo-Crud-Console\Mongo-Crud-Console.csproj", "{50C1DA64-9913-4D07-9379-C7A4FA9B3A58}"
EndProject
Global
	GlobalSection(SolutionConfigurationPlatforms) = preSolution
		Debug|Any CPU = Debug|Any CPU
		Release|Any CPU = Release|Any CPU
	EndGlobalSection
	GlobalSection(ProjectConfigurationPlatforms) = postSolution
		{50C1DA64-9913-4D07-9379-C7A4FA9B3A58}.Debug|Any CPU.ActiveCfg = Debug|Any CPU
		{50C1DA64-9913-4D07-9379-C7A4FA9B3A58}.Debug|Any CPU.Build.0 = Debug|Any CPU
		{50C1DA64-9913-4D07-9379-C7A4FA9B3A58}.Release|Any CPU.ActiveCfg = Release|Any CPU
		{50C1DA64-9913-4D07-9379-C7A4FA9B3A58}.Release|Any CPU.Build.0 = Release|Any CPU
	EndGlobalSection
	GlobalSection(SolutionProperties) = preSolution
		HideSolutionNode = FALSE
	EndGlobalSection
	GlobalSection(ExtensibilityGlobals) = postSolution
		SolutionGuid = {AA979341-BFF8-4674-82D6-D1ED8E86DEBC}
	EndGlobalSection
EndGlobal
